
Microsoft Visual Studio Solution File, Format Version 12.00
# Visual Studio Version 17
VisualStudioVersion = 17.10.35004.147
MinimumVisualStudioVersion = 15.0.26124.0
Project("{9A19103F-16F7-4668-BE54-9A1E7A4F7556}") = "SignalF.Extensions.IotDevices", "SignalF.Extensions.IotDevices.csproj", "{5E69056D-4EA7-426C-B30E-469922A499F8}"
EndProject
Global
	GlobalSection(SolutionConfigurationPlatforms) = preSolution
		Debug|Any CPU = Debug|Any CPU
		Release|Any CPU = Release|Any CPU
	EndGlobalSection
	GlobalSection(ProjectConfigurationPlatforms) = postSolution
		{5E69056D-4EA7-426C-B30E-469922A499F8}.Debug|Any CPU.ActiveCfg = Debug|Any CPU
		{5E69056D-4EA7-426C-B30E-469922A499F8}.Debug|Any CPU.Build.0 = Debug|Any CPU
		{5E69056D-4EA7-426C-B30E-469922A499F8}.Release|Any CPU.ActiveCfg = Release|Any CPU
		{5E69056D-4EA7-426C-B30E-469922A499F8}.Release|Any CPU.Build.0 = Release|Any CPU
	EndGlobalSection
	GlobalSection(SolutionProperties) = preSolution
		HideSolutionNode = FALSE
	EndGlobalSection
	GlobalSection(ExtensibilityGlobals) = postSolution
		SolutionGuid = {9FF2D4B1-E235-416D-B9BB-2D2268BBA83C}
	EndGlobalSection
EndGlobal
